{
    "requires": true,
    "lockfileVersion": 1,
    "dependencies": {
        "vue": {
            "version": "2.6.12",
            "resolved": "https://registry.npmjs.org/vue/-/vue-2.6.12.tgz",
            "integrity": "sha512-uhmLFETqPPNyuLLbsKz6ioJ4q7AZHzD8ZVFNATNyICSZouqP2Sz0rotWQC8UNBF6VGSCs5abnKJoStA6JbCbfg==",
            "dev": true
        },
        "vuelidate": {
            "version": "0.7.6",
            "resolved": "https://registry.npmjs.org/vuelidate/-/vuelidate-0.7.6.tgz",
            "integrity": "sha512-suzIuet1jGcyZ4oUSW8J27R2tNrJ9cIfklAh63EbAkFjE380iv97BAiIeolRYoB9bF9usBXCu4BxftWN1Dkn3g=="
        }
    }
}
